
Microsoft Visual Studio Solution File, Format Version 12.00
# Visual Studio Version 17
VisualStudioVersion = 17.2.32602.215
MinimumVisualStudioVersion = 10.0.40219.1
Project("{FAE04EC0-301F-11D3-BF4B-00C04F79EFBC}") = "EventHandlerDeneme", "EventHandlerDeneme\EventHandlerDeneme.csproj", "{97B64F4E-2FBD-4015-BC86-B3F20349BC6B}"
EndProject
Global
	GlobalSection(SolutionConfigurationPlatforms) = preSolution
		Debug|Any CPU = Debug|Any CPU
		Release|Any CPU = Release|Any CPU
	EndGlobalSection
	GlobalSection(ProjectConfigurationPlatforms) = postSolution
		{97B64F4E-2FBD-4015-BC86-B3F20349BC6B}.Debug|Any CPU.ActiveCfg = Debug|Any CPU
		{97B64F4E-2FBD-4015-BC86-B3F20349BC6B}.Debug|Any CPU.Build.0 = Debug|Any CPU
		{97B64F4E-2FBD-4015-BC86-B3F20349BC6B}.Release|Any CPU.ActiveCfg = Release|Any CPU
		{97B64F4E-2FBD-4015-BC86-B3F20349BC6B}.Release|Any CPU.Build.0 = Release|Any CPU
	EndGlobalSection
	GlobalSection(SolutionProperties) = preSolution
		HideSolutionNode = FALSE
	EndGlobalSection
	GlobalSection(ExtensibilityGlobals) = postSolution
		SolutionGuid = {7AB2A2D7-D057-4499-B3AC-9E40BA18913B}
	EndGlobalSection
EndGlobal
